
Microsoft Visual Studio Solution File, Format Version 12.00
# Visual Studio Version 17
VisualStudioVersion = 17.13.35806.99 d17.13
MinimumVisualStudioVersion = 10.0.40219.1
Project("{FAE04EC0-301F-11D3-BF4B-00C04F79EFBC}") = "ReadonlyBytes", "ReadonlyBytes\ReadonlyBytes.csproj", "{EF084379-DDB1-46B5-9A3E-403C8EF92151}"
EndProject
Global
	GlobalSection(SolutionConfigurationPlatforms) = preSolution
		Debug|Any CPU = Debug|Any CPU
		Release|Any CPU = Release|Any CPU
	EndGlobalSection
	GlobalSection(ProjectConfigurationPlatforms) = postSolution
		{EF084379-DDB1-46B5-9A3E-403C8EF92151}.Debug|Any CPU.ActiveCfg = Debug|Any CPU
		{EF084379-DDB1-46B5-9A3E-403C8EF92151}.Debug|Any CPU.Build.0 = Debug|Any CPU
		{EF084379-DDB1-46B5-9A3E-403C8EF92151}.Release|Any CPU.ActiveCfg = Release|Any CPU
		{EF084379-DDB1-46B5-9A3E-403C8EF92151}.Release|Any CPU.Build.0 = Release|Any CPU
	EndGlobalSection
	GlobalSection(SolutionProperties) = preSolution
		HideSolutionNode = FALSE
	EndGlobalSection
	GlobalSection(ExtensibilityGlobals) = postSolution
		SolutionGuid = {6F1899F4-C613-4EE6-BA90-25C7B9D88E29}
	EndGlobalSection
EndGlobal
