
Microsoft Visual Studio Solution File, Format Version 12.00
# Visual Studio Version 17
VisualStudioVersion = 17.13.35806.99 d17.13
MinimumVisualStudioVersion = 10.0.40219.1
Project("{FAE04EC0-301F-11D3-BF4B-00C04F79EFBC}") = "Rocket-Bot", "Rocket-Bot\Rocket-Bot.csproj", "{99088E2B-251D-4F5D-8E46-A5CD7F568D5B}"
EndProject
Global
	GlobalSection(SolutionConfigurationPlatforms) = preSolution
		Debug|Any CPU = Debug|Any CPU
		Release|Any CPU = Release|Any CPU
	EndGlobalSection
	GlobalSection(ProjectConfigurationPlatforms) = postSolution
		{99088E2B-251D-4F5D-8E46-A5CD7F568D5B}.Debug|Any CPU.ActiveCfg = Debug|Any CPU
		{99088E2B-251D-4F5D-8E46-A5CD7F568D5B}.Debug|Any CPU.Build.0 = Debug|Any CPU
		{99088E2B-251D-4F5D-8E46-A5CD7F568D5B}.Release|Any CPU.ActiveCfg = Release|Any CPU
		{99088E2B-251D-4F5D-8E46-A5CD7F568D5B}.Release|Any CPU.Build.0 = Release|Any CPU
	EndGlobalSection
	GlobalSection(SolutionProperties) = preSolution
		HideSolutionNode = FALSE
	EndGlobalSection
	GlobalSection(ExtensibilityGlobals) = postSolution
		SolutionGuid = {78B83D5E-C0BB-44A1-AC83-2C1A0FECE7DD}
	EndGlobalSection
EndGlobal
